
Microsoft Visual Studio Solution File, Format Version 12.00
# Visual Studio Version 17
VisualStudioVersion = 17.3.32929.385
MinimumVisualStudioVersion = 10.0.40219.1
Project("{8BC9CEB8-8B4A-11D0-8D11-00A0C91BC942}") = "Server", "Server\Server.vcxproj", "{F5185A35-C056-4F66-B882-8E2A79EDFE0A}"
EndProject
Project("{8BC9CEB8-8B4A-11D0-8D11-00A0C91BC942}") = "test", "test\test.vcxproj", "{5C1A0476-DCEF-4FF1-808E-693F04C59BD2}"
EndProject
Project("{8BC9CEB8-8B4A-11D0-8D11-00A0C91BC942}") = "Client", "Client\Client.vcxproj", "{C1B5C2A3-8304-4D16-9C93-E23DB671A7A0}"
EndProject
Project("{8BC9CEB8-8B4A-11D0-8D11-00A0C91BC942}") = "QtClient", "QtClient\QtClient.vcxproj", "{0CB6A64A-A4BE-48C2-B6D3-49A59CBE24BE}"
	ProjectSection(ProjectDependencies) = postProject
		{2AC98852-7F1F-444A-98DA-BD9D37EFE8F3} = {2AC98852-7F1F-444A-98DA-BD9D37EFE8F3}
	EndProjectSection
EndProject
Project("{8BC9CEB8-8B4A-11D0-8D11-00A0C91BC942}") = "ClientServerContracts", "ClientServerContracts\ClientServerContracts.vcxproj", "{2AC98852-7F1F-444A-98DA-BD9D37EFE8F3}"
EndProject
Project("{8BC9CEB8-8B4A-11D0-8D11-00A0C91BC942}") = "Serverqt", "Serverqt\Serverqt.vcxproj", "{67024277-8F2C-4339-9387-23BA8879D0FB}"
	ProjectSection(ProjectDependencies) = postProject
		{2AC98852-7F1F-444A-98DA-BD9D37EFE8F3} = {2AC98852-7F1F-444A-98DA-BD9D37EFE8F3}
	EndProjectSection
EndProject
Global
	GlobalSection(SolutionConfigurationPlatforms) = preSolution
		Debug|x64 = Debug|x64
		Debug|x86 = Debug|x86
		Release|x64 = Release|x64
		Release|x86 = Release|x86
	EndGlobalSection
	GlobalSection(ProjectConfigurationPlatforms) = postSolution
		{F5185A35-C056-4F66-B882-8E2A79EDFE0A}.Debug|x64.ActiveCfg = Debug|x64
		{F5185A35-C056-4F66-B882-8E2A79EDFE0A}.Debug|x64.Build.0 = Debug|x64
		{F5185A35-C056-4F66-B882-8E2A79EDFE0A}.Debug|x86.ActiveCfg = Debug|Win32
		{F5185A35-C056-4F66-B882-8E2A79EDFE0A}.Debug|x86.Build.0 = Debug|Win32
		{F5185A35-C056-4F66-B882-8E2A79EDFE0A}.Release|x64.ActiveCfg = Release|x64
		{F5185A35-C056-4F66-B882-8E2A79EDFE0A}.Release|x64.Build.0 = Release|x64
		{F5185A35-C056-4F66-B882-8E2A79EDFE0A}.Release|x86.ActiveCfg = Release|Win32
		{F5185A35-C056-4F66-B882-8E2A79EDFE0A}.Release|x86.Build.0 = Release|Win32
		{5C1A0476-DCEF-4FF1-808E-693F04C59BD2}.Debug|x64.ActiveCfg = Debug|x64
		{5C1A0476-DCEF-4FF1-808E-693F04C59BD2}.Debug|x64.Build.0 = Debug|x64
		{5C1A0476-DCEF-4FF1-808E-693F04C59BD2}.Debug|x86.ActiveCfg = Debug|Win32
		{5C1A0476-DCEF-4FF1-808E-693F04C59BD2}.Debug|x86.Build.0 = Debug|Win32
		{5C1A0476-DCEF-4FF1-808E-693F04C59BD2}.Release|x64.ActiveCfg = Release|x64
		{5C1A0476-DCEF-4FF1-808E-693F04C59BD2}.Release|x64.Build.0 = Release|x64
		{5C1A0476-DCEF-4FF1-808E-693F04C59BD2}.Release|x86.ActiveCfg = Release|Win32
		{5C1A0476-DCEF-4FF1-808E-693F04C59BD2}.Release|x86.Build.0 = Release|Win32
		{C1B5C2A3-8304-4D16-9C93-E23DB671A7A0}.Debug|x64.ActiveCfg = Debug|x64
		{C1B5C2A3-8304-4D16-9C93-E23DB671A7A0}.Debug|x64.Build.0 = Debug|x64
		{C1B5C2A3-8304-4D16-9C93-E23DB671A7A0}.Debug|x86.ActiveCfg = Debug|Win32
		{C1B5C2A3-8304-4D16-9C93-E23DB671A7A0}.Debug|x86.Build.0 = Debug|Win32
		{C1B5C2A3-8304-4D16-9C93-E23DB671A7A0}.Release|x64.ActiveCfg = Release|x64
		{C1B5C2A3-8304-4D16-9C93-E23DB671A7A0}.Release|x64.Build.0 = Release|x64
		{C1B5C2A3-8304-4D16-9C93-E23DB671A7A0}.Release|x86.ActiveCfg = Release|Win32
		{C1B5C2A3-8304-4D16-9C93-E23DB671A7A0}.Release|x86.Build.0 = Release|Win32
		{0CB6A64A-A4BE-48C2-B6D3-49A59CBE24BE}.Debug|x64.ActiveCfg = Debug|x64
		{0CB6A64A-A4BE-48C2-B6D3-49A59CBE24BE}.Debug|x64.Build.0 = Debug|x64
		{0CB6A64A-A4BE-48C2-B6D3-49A59CBE24BE}.Debug|x86.ActiveCfg = Debug|x64
		{0CB6A64A-A4BE-48C2-B6D3-49A59CBE24BE}.Debug|x86.Build.0 = Debug|x64
		{0CB6A64A-A4BE-48C2-B6D3-49A59CBE24BE}.Release|x64.ActiveCfg = Release|x64
		{0CB6A64A-A4BE-48C2-B6D3-49A59CBE24BE}.Release|x64.Build.0 = Release|x64
		{0CB6A64A-A4BE-48C2-B6D3-49A59CBE24BE}.Release|x86.ActiveCfg = Release|x64
		{0CB6A64A-A4BE-48C2-B6D3-49A59CBE24BE}.Release|x86.Build.0 = Release|x64
		{2AC98852-7F1F-444A-98DA-BD9D37EFE8F3}.Debug|x64.ActiveCfg = Debug|x64
		{2AC98852-7F1F-444A-98DA-BD9D37EFE8F3}.Debug|x64.Build.0 = Debug|x64
		{2AC98852-7F1F-444A-98DA-BD9D37EFE8F3}.Debug|x86.ActiveCfg = Debug|x64
		{2AC98852-7F1F-444A-98DA-BD9D37EFE8F3}.Debug|x86.Build.0 = Debug|x64
		{2AC98852-7F1F-444A-98DA-BD9D37EFE8F3}.Release|x64.ActiveCfg = Release|x64
		{2AC98852-7F1F-444A-98DA-BD9D37EFE8F3}.Release|x64.Build.0 = Release|x64
		{2AC98852-7F1F-444A-98DA-BD9D37EFE8F3}.Release|x86.ActiveCfg = Release|x64
		{2AC98852-7F1F-444A-98DA-BD9D37EFE8F3}.Release|x86.Build.0 = Release|x64
		{67024277-8F2C-4339-9387-23BA8879D0FB}.Debug|x64.ActiveCfg = Debug|x64
		{67024277-8F2C-4339-9387-23BA8879D0FB}.Debug|x64.Build.0 = Debug|x64
		{67024277-8F2C-4339-9387-23BA8879D0FB}.Debug|x86.ActiveCfg = Debug|x64
		{67024277-8F2C-4339-9387-23BA8879D0FB}.Debug|x86.Build.0 = Debug|x64
		{67024277-8F2C-4339-9387-23BA8879D0FB}.Release|x64.ActiveCfg = Release|x64
		{67024277-8F2C-4339-9387-23BA8879D0FB}.Release|x64.Build.0 = Release|x64
		{67024277-8F2C-4339-9387-23BA8879D0FB}.Release|x86.ActiveCfg = Release|x64
		{67024277-8F2C-4339-9387-23BA8879D0FB}.Release|x86.Build.0 = Release|x64
	EndGlobalSection
	GlobalSection(SolutionProperties) = preSolution
		HideSolutionNode = FALSE
	EndGlobalSection
	GlobalSection(ExtensibilityGlobals) = postSolution
		SolutionGuid = {43D94448-87D6-47E4-B7A5-374EB36E1C42}
	EndGlobalSection
EndGlobal
